# THIS IS AN AUTOGENERATED FILE. DO NOT EDIT THIS FILE DIRECTLY.
# yarn lockfile v1


"@babel/runtime@^7.15.4", "@babel/runtime@^7.5.5", "@babel/runtime@^7.8.7":
  version "7.15.4"
  resolved "https://registry.yarnpkg.com/@babel/runtime/-/runtime-7.15.4.tgz#fd17d16bfdf878e6dd02d19753a39fa8a8d9c84a"
  integrity sha512-99catp6bHCaxr4sJ/DbTGgHS4+Rs2RVd2g7iOap6SLGPDknRK9ztKNsE/Fg6QhSeh1FGE5f6gHGQmvvn3I3xhw==
  dependencies:
    regenerator-runtime "^0.13.4"

"@emotion/cache@^11.4.0":
  version "11.4.0"
  resolved "https://registry.yarnpkg.com/@emotion/cache/-/cache-11.4.0.tgz#293fc9d9a7a38b9aad8e9337e5014366c3b09ac0"
  integrity sha512-Zx70bjE7LErRO9OaZrhf22Qye1y4F7iDl+ITjet0J+i+B88PrAOBkKvaAWhxsZf72tDLajwCgfCjJ2dvH77C3g==
  dependencies:
    "@emotion/memoize" "^0.7.4"
    "@emotion/sheet" "^1.0.0"
    "@emotion/utils" "^1.0.0"
    "@emotion/weak-memoize" "^0.2.5"
    stylis "^4.0.3"

"@emotion/is-prop-valid@^1.1.0":
  version "1.1.0"
  resolved "https://registry.yarnpkg.com/@emotion/is-prop-valid/-/is-prop-valid-1.1.0.tgz#29ef6be1e946fb4739f9707def860f316f668cde"
  integrity sha512-9RkilvXAufQHsSsjQ3PIzSns+pxuX4EW8EbGeSPjZMHuMx6z/MOzb9LpqNieQX4F3mre3NWS2+X3JNRHTQztUQ==
  dependencies:
    "@emotion/memoize" "^0.7.4"

"@emotion/memoize@^0.7.4":
  version "0.7.5"
  resolved "https://registry.yarnpkg.com/@emotion/memoize/-/memoize-0.7.5.tgz#2c40f81449a4e554e9fc6396910ed4843ec2be50"
  integrity sha512-igX9a37DR2ZPGYtV6suZ6whr8pTFtyHL3K/oLUotxpSVO2ASaprmAe2Dkq7tBo7CRY7MMDrAa9nuQP9/YG8FxQ==

"@emotion/sheet@^1.0.0":
  version "1.0.2"
  resolved "https://registry.yarnpkg.com/@emotion/sheet/-/sheet-1.0.2.tgz#1d9ffde531714ba28e62dac6a996a8b1089719d0"
  integrity sha512-QQPB1B70JEVUHuNtzjHftMGv6eC3Y9wqavyarj4x4lg47RACkeSfNo5pxIOKizwS9AEFLohsqoaxGQj4p0vSIw==

"@emotion/utils@^1.0.0":
  version "1.0.0"
  resolved "https://registry.yarnpkg.com/@emotion/utils/-/utils-1.0.0.tgz#abe06a83160b10570816c913990245813a2fd6af"
  integrity sha512-mQC2b3XLDs6QCW+pDQDiyO/EdGZYOygE8s5N5rrzjSI4M3IejPE/JPndCBwRT9z982aqQNi6beWs1UeayrQxxA==

"@emotion/weak-memoize@^0.2.5":
  version "0.2.5"
  resolved "https://registry.yarnpkg.com/@emotion/weak-memoize/-/weak-memoize-0.2.5.tgz#8eed982e2ee6f7f4e44c253e12962980791efd46"
  integrity sha512-6U71C2Wp7r5XtFtQzYrW5iKFT67OixrSxjI4MptCHzdSVlgabczzqLe0ZSgnub/5Kp4hSbpDB1tMytZY9pwxxA==

"@mui/core@5.0.0-alpha.48":
  version "5.0.0-alpha.48"
  resolved "https://registry.yarnpkg.com/@mui/core/-/core-5.0.0-alpha.48.tgz#ed9517bd3d2c2da12142f1958df2503567be459a"
  integrity sha512-H/QQwKsr2EqPAnP35DGDpWihk5BOFYGhO52rIHb3XKOfoUjDCrCHBy2kvr3dLWJDmJXr/QzYj3AX10n5XzlaMg==
  dependencies:
    "@babel/runtime" "^7.15.4"
    "@emotion/is-prop-valid" "^1.1.0"
    "@mui/utils" "^5.0.1"
    clsx "^1.1.1"
    prop-types "^15.7.2"
    react-is "^17.0.2"

"@mui/material@^5.0.1":
  version "5.0.1"
  resolved "https://registry.yarnpkg.com/@mui/material/-/material-5.0.1.tgz#5690cd5bf7d9de48008269c89b22c7d7495cbc6c"
  integrity sha512-+/JJzRcORUf5MiZnzuqsPFRgxm3/0CUi1wE97ZQ2y7r+EnDVsjJLcjAH9Q9GY3k9zkPIpYb9Hig/+HT6AGZRnQ==
  dependencies:
    "@babel/runtime" "^7.15.4"
    "@mui/core" "5.0.0-alpha.48"
    "@mui/system" "^5.0.1"
    "@mui/types" "^7.0.0"
    "@mui/utils" "^5.0.1"
    "@popperjs/core" "^2.4.4"
    "@types/react-transition-group" "^4.4.3"
    clsx "^1.1.1"
    csstype "^3.0.9"
    hoist-non-react-statics "^3.3.2"
    prop-types "^15.7.2"
    react-is "^17.0.2"
    react-transition-group "^4.4.2"

"@mui/private-theming@^5.0.1":
  version "5.0.1"
  resolved "https://registry.yarnpkg.com/@mui/private-theming/-/private-theming-5.0.1.tgz#50a0ea6ad5a8d1d78072859c4bdaaa6b6584d986"
  integrity sha512-R8Cf2+32cG1OXFAqTighA5Mx9R5BQ57cN1ZVaNgfgdbI87Yig2fVMdFSPrw3txcjKlnwsvFJF8AdwQMqq1tJ3Q==
  dependencies:
    "@babel/runtime" "^7.15.4"
    "@mui/utils" "^5.0.1"
    prop-types "^15.7.2"

"@mui/styled-engine@^5.0.1":
  version "5.0.1"
  resolved "https://registry.yarnpkg.com/@mui/styled-engine/-/styled-engine-5.0.1.tgz#401e3e0ff846ad1b1e7e097c8050b36d7b68343e"
  integrity sha512-j40nCbaKr1HAZYqpX61XvZYsadYskjo3u6+pRFFaewSViAkkD1rjjbubpnh15nqVfYmijtHMZJ9/l1x1hamvfQ==
  dependencies:
    "@babel/runtime" "^7.15.4"
    "@emotion/cache" "^11.4.0"
    prop-types "^15.7.2"

"@mui/system@^5.0.1":
  version "5.0.1"
  resolved "https://registry.yarnpkg.com/@mui/system/-/system-5.0.1.tgz#2a8592d116c5a05b6991316d772937d100fc7e0a"
  integrity sha512-pGNKUpjK5hm4apZAUZu7LugemBPoZnNvNNCI2miI/BXxqyx41mL9+iT9p6Qe9uDOh8Z6GUbLIzvOjSTP+ECRZw==
  dependencies:
    "@babel/runtime" "^7.15.4"
    "@mui/private-theming" "^5.0.1"
    "@mui/styled-engine" "^5.0.1"
    "@mui/types" "^7.0.0"
    "@mui/utils" "^5.0.1"
    clsx "^1.1.1"
    csstype "^3.0.9"
    prop-types "^15.7.2"

"@mui/types@^7.0.0":
  version "7.0.0"
  resolved "https://registry.yarnpkg.com/@mui/types/-/types-7.0.0.tgz#a7398502bc9c508875aafcbe28aea599b2c3d203"
  integrity sha512-M/tkF2pZ4uoPhZ8pnNhlVnOFtz6F3dnYKIsnj8MuXKT6d26IE2u0UjA8B0275ggN74dR9rlHG5xJt5jgDx/Ung==

"@mui/utils@^5.0.1":
  version "5.0.1"
  resolved "https://registry.yarnpkg.com/@mui/utils/-/utils-5.0.1.tgz#d4f0f41b82db6ac273920a1b5b6a4de7879271f5"
  integrity sha512-GWO104N+o9KG5fKiTEYnAg7kONKEg3vLN+VROAU0f3it6lFGLCVPcQYex/1gJ4QAy96u6Ez8/Hmmhi1+3cX0tQ==
  dependencies:
    "@babel/runtime" "^7.15.4"
    "@types/prop-types" "^15.7.4"
    "@types/react-is" "^16.7.1 || ^17.0.0"
    prop-types "^15.7.2"
    react-is "^17.0.2"

"@popperjs/core@^2.4.4":
  version "2.10.1"
  resolved "https://registry.yarnpkg.com/@popperjs/core/-/core-2.10.1.tgz#728ecd95ab207aab8a9a4e421f0422db329232be"
  integrity sha512-HnUhk1Sy9IuKrxEMdIRCxpIqPw6BFsbYSEUO9p/hNw5sMld/+3OLMWQP80F8/db9qsv3qUjs7ZR5bS/R+iinXw==

"@types/history@*":
  version "4.7.9"
  resolved "https://registry.yarnpkg.com/@types/history/-/history-4.7.9.tgz#1cfb6d60ef3822c589f18e70f8b12f9a28ce8724"
  integrity sha512-MUc6zSmU3tEVnkQ78q0peeEjKWPUADMlC/t++2bI8WnAG2tvYRPIgHG8lWkXwqc8MsUF6Z2MOf+Mh5sazOmhiQ==

"@types/prop-types@*", "@types/prop-types@^15.7.4":
  version "15.7.4"
  resolved "https://registry.yarnpkg.com/@types/prop-types/-/prop-types-15.7.4.tgz#fcf7205c25dff795ee79af1e30da2c9790808f11"
  integrity sha512-rZ5drC/jWjrArrS8BR6SIr4cWpW09RNTYt9AMZo3Jwwif+iacXAqgVjm0B0Bv/S1jhDXKHqRVNCbACkJ89RAnQ==

"@types/react-is@^16.7.1 || ^17.0.0":
  version "17.0.2"
  resolved "https://registry.yarnpkg.com/@types/react-is/-/react-is-17.0.2.tgz#abc4d910bff5b0bc6b3e1bec57575f6b63fd4e05"
  integrity sha512-2+L0ilcAEG8udkDnvx8B0upwXFBbNnVwOsSCTxW3SDOkmar9NyEeLG0ZLa3uOEw9zyYf/fQapcnfXAVmDKlyHw==
  dependencies:
    "@types/react" "*"

"@types/react-router-dom@^5.3.0":
  version "5.3.0"
  resolved "https://registry.yarnpkg.com/@types/react-router-dom/-/react-router-dom-5.3.0.tgz#8c4e0aa0ccaf638ba965829ad29a10ac3cbe2212"
  integrity sha512-svUzpEpKDwK8nmfV2vpZNSsiijFNKY8+gUqGqvGGOVrXvX58k1JIJubZa5igkwacbq/0umphO5SsQn/BQsnKpw==
  dependencies:
    "@types/history" "*"
    "@types/react" "*"
    "@types/react-router" "*"

"@types/react-router@*":
  version "5.1.16"
  resolved "https://registry.yarnpkg.com/@types/react-router/-/react-router-5.1.16.tgz#f3ba045fb96634e38b21531c482f9aeb37608a99"
  integrity sha512-8d7nR/fNSqlTFGHti0R3F9WwIertOaaA1UEB8/jr5l5mDMOs4CidEgvvYMw4ivqrBK+vtVLxyTj2P+Pr/dtgzg==
  dependencies:
    "@types/history" "*"
    "@types/react" "*"

"@types/react-transition-group@^4.4.3":
  version "4.4.3"
  resolved "https://registry.yarnpkg.com/@types/react-transition-group/-/react-transition-group-4.4.3.tgz#b0994da0a7023d67dbb4a8910a62112bc00d5688"
  integrity sha512-fUx5muOWSYP8Bw2BUQ9M9RK9+W1XBK/7FLJ8PTQpnpTEkn0ccyMffyEQvan4C3h53gHdx7KE5Qrxi/LnUGQtdg==
  dependencies:
    "@types/react" "*"

"@types/react@*":
  version "17.0.24"
  resolved "https://registry.yarnpkg.com/@types/react/-/react-17.0.24.tgz#7e1b3f78d0fc53782543f9bce6d949959a5880bd"
  integrity sha512-eIpyco99gTH+FTI3J7Oi/OH8MZoFMJuztNRimDOJwH4iGIsKV2qkGnk4M9VzlaVWeEEWLWSQRy0FEA0Kz218cg==
  dependencies:
    "@types/prop-types" "*"
    "@types/scheduler" "*"
    csstype "^3.0.2"

"@types/scheduler@*":
  version "0.16.2"
  resolved "https://registry.yarnpkg.com/@types/scheduler/-/scheduler-0.16.2.tgz#1a62f89525723dde24ba1b01b092bf5df8ad4d39"
  integrity sha512-hppQEBDmlwhFAXKJX2KnWLYu5yMfi91yazPb2l+lbJiwW+wdo1gNeRA+3RgNSO39WYX2euey41KEwnqesU2Jew==

clsx@^1.1.1:
  version "1.1.1"
  resolved "https://registry.yarnpkg.com/clsx/-/clsx-1.1.1.tgz#98b3134f9abbdf23b2663491ace13c5c03a73188"
  integrity sha512-6/bPho624p3S2pMyvP5kKBPXnI3ufHLObBFCfgx+LkeR5lg2XYy2hqZqUf45ypD8COn2bhgGJSUE+l5dhNBieA==

csstype@^3.0.2, csstype@^3.0.9:
  version "3.0.9"
  resolved "https://registry.yarnpkg.com/csstype/-/csstype-3.0.9.tgz#6410af31b26bd0520933d02cbc64fce9ce3fbf0b"
  integrity sha512-rpw6JPxK6Rfg1zLOYCSwle2GFOOsnjmDYDaBwEcwoOg4qlsIVCN789VkBZDJAGi4T07gI4YSutR43t9Zz4Lzuw==

dom-helpers@^5.0.1:
  version "5.2.1"
  resolved "https://registry.yarnpkg.com/dom-helpers/-/dom-helpers-5.2.1.tgz#d9400536b2bf8225ad98fe052e029451ac40e902"
  integrity sha512-nRCa7CK3VTrM2NmGkIy4cbK7IZlgBE/PYMn55rrXefr5xXDP0LdtfPnblFDoVdcAfslJ7or6iqAUnx0CCGIWQA==
  dependencies:
    "@babel/runtime" "^7.8.7"
    csstype "^3.0.2"

hoist-non-react-statics@^3.3.2:
  version "3.3.2"
  resolved "https://registry.yarnpkg.com/hoist-non-react-statics/-/hoist-non-react-statics-3.3.2.tgz#ece0acaf71d62c2969c2ec59feff42a4b1a85b45"
  integrity sha512-/gGivxi8JPKWNm/W0jSmzcMPpfpPLc3dY/6GxhX2hQ9iGj3aDfklV4ET7NjKpSinLpJ5vafa9iiGIEZg10SfBw==
  dependencies:
    react-is "^16.7.0"

"js-tokens@^3.0.0 || ^4.0.0":
  version "4.0.0"
  resolved "https://registry.yarnpkg.com/js-tokens/-/js-tokens-4.0.0.tgz#19203fb59991df98e3a287050d4647cdeaf32499"
  integrity sha512-RdJUflcE3cUzKiMqQgsCu06FPu9UdIJO0beYbPhHN4k6apgJtifcoCtT9bcxOpYBtpD2kCM6Sbzg4CausW/PKQ==

loose-envify@^1.4.0:
  version "1.4.0"
  resolved "https://registry.yarnpkg.com/loose-envify/-/loose-envify-1.4.0.tgz#71ee51fa7be4caec1a63839f7e682d8132d30caf"
  integrity sha512-lyuxPGr/Wfhrlem2CL/UcnUc1zcqKAImBDzukY7Y5F/yQiNdko6+fRLevlw1HgMySw7f611UIY408EtxRSoK3Q==
  dependencies:
    js-tokens "^3.0.0 || ^4.0.0"

object-assign@^4.1.1:
  version "4.1.1"
  resolved "https://registry.yarnpkg.com/object-assign/-/object-assign-4.1.1.tgz#2109adc7965887cfc05cbbd442cac8bfbb360863"
  integrity sha1-IQmtx5ZYh8/AXLvUQsrIv7s2CGM=

prop-types@^15.6.2, prop-types@^15.7.2:
  version "15.7.2"
  resolved "https://registry.yarnpkg.com/prop-types/-/prop-types-15.7.2.tgz#52c41e75b8c87e72b9d9360e0206b99dcbffa6c5"
  integrity sha512-8QQikdH7//R2vurIJSutZ1smHYTcLpRWEOlHnzcWHmBYrOGUysKwSsrC89BCiFj3CbrfJ/nXFdJepOVrY1GCHQ==
  dependencies:
    loose-envify "^1.4.0"
    object-assign "^4.1.1"
    react-is "^16.8.1"

react-is@^16.7.0, react-is@^16.8.1:
  version "16.13.1"
  resolved "https://registry.yarnpkg.com/react-is/-/react-is-16.13.1.tgz#789729a4dc36de2999dc156dd6c1d9c18cea56a4"
  integrity sha512-24e6ynE2H+OKt4kqsOvNd8kBpV65zoxbA4BVsEOB3ARVWQki/DHzaUoC5KuON/BiccDaCCTZBuOcfZs70kR8bQ==

react-is@^17.0.2:
  version "17.0.2"
  resolved "https://registry.yarnpkg.com/react-is/-/react-is-17.0.2.tgz#e691d4a8e9c789365655539ab372762b0efb54f0"
  integrity sha512-w2GsyukL62IJnlaff/nRegPQR94C/XXamvMWmSHRJ4y7Ts/4ocGRmTHvOs8PSE6pB3dWOrD/nueuU5sduBsQ4w==

react-transition-group@^4.4.2:
  version "4.4.2"
  resolved "https://registry.yarnpkg.com/react-transition-group/-/react-transition-group-4.4.2.tgz#8b59a56f09ced7b55cbd53c36768b922890d5470"
  integrity sha512-/RNYfRAMlZwDSr6z4zNKV6xu53/e2BuaBbGhbyYIXTrmgu/bGHzmqOs7mJSJBHy9Ud+ApHx3QjrkKSp1pxvlFg==
  dependencies:
    "@babel/runtime" "^7.5.5"
    dom-helpers "^5.0.1"
    loose-envify "^1.4.0"
    prop-types "^15.6.2"

redux-persist@^6.0.0:
  version "6.0.0"
  resolved "https://registry.yarnpkg.com/redux-persist/-/redux-persist-6.0.0.tgz#b4d2972f9859597c130d40d4b146fecdab51b3a8"
  integrity sha512-71LLMbUq2r02ng2We9S215LtPu3fY0KgaGE0k8WRgl6RkqxtGfl7HUozz1Dftwsb0D/5mZ8dwAaPbtnzfvbEwQ==

redux-thunk@^2.3.0:
  version "2.3.0"
  resolved "https://registry.yarnpkg.com/redux-thunk/-/redux-thunk-2.3.0.tgz#51c2c19a185ed5187aaa9a2d08b666d0d6467622"
  integrity sha512-km6dclyFnmcvxhAcrQV2AkZmPQjzPDjgVlQtR0EQjxZPyJ0BnMf3in1ryuR8A2qU0HldVRfxYXbFSKlI3N7Slw==

regenerator-runtime@^0.13.4:
  version "0.13.9"
  resolved "https://registry.yarnpkg.com/regenerator-runtime/-/regenerator-runtime-0.13.9.tgz#8925742a98ffd90814988d7566ad30ca3b263b52"
  integrity sha512-p3VT+cOEgxFsRRA9X4lkI1E+k2/CtnKtU4gcxyaCUreilL/vqI6CdZ3wxVUx3UOUg+gnUOQQcRI7BmSI656MYA==

stylis@^4.0.3:
  version "4.0.10"
  resolved "https://registry.yarnpkg.com/stylis/-/stylis-4.0.10.tgz#446512d1097197ab3f02fb3c258358c3f7a14240"
  integrity sha512-m3k+dk7QeJw660eIKRRn3xPF6uuvHs/FFzjX3HQ5ove0qYsiygoAhwn5a3IYKaZPo5LrYD0rfVmtv1gNY1uYwg==
